
Microsoft Visual Studio Solution File, Format Version 12.00
# Visual Studio Version 16
VisualStudioVersion = 16.0.29613.14
MinimumVisualStudioVersion = 10.0.40219.1
Project("{9A19103F-16F7-4668-BE54-9A1E7A4F7556}") = "TameOfThrones", "TameOfThrones\TameOfThrones.csproj", "{3240B030-5D2C-4B8A-B66E-98302D5661AF}"
EndProject
Project("{FAE04EC0-301F-11D3-BF4B-00C04F79EFBC}") = "TameOfThrones.Tests", "TameOfThrones.Tests\TameOfThrones.Tests.csproj", "{045AFCB9-33F4-40D8-A61C-388060B76D27}"
EndProject
Global
	GlobalSection(SolutionConfigurationPlatforms) = preSolution
		Debug|Any CPU = Debug|Any CPU
		Release|Any CPU = Release|Any CPU
	EndGlobalSection
	GlobalSection(ProjectConfigurationPlatforms) = postSolution
		{3240B030-5D2C-4B8A-B66E-98302D5661AF}.Debug|Any CPU.ActiveCfg = Debug|Any CPU
		{3240B030-5D2C-4B8A-B66E-98302D5661AF}.Debug|Any CPU.Build.0 = Debug|Any CPU
		{3240B030-5D2C-4B8A-B66E-98302D5661AF}.Release|Any CPU.ActiveCfg = Release|Any CPU
		{3240B030-5D2C-4B8A-B66E-98302D5661AF}.Release|Any CPU.Build.0 = Release|Any CPU
		{045AFCB9-33F4-40D8-A61C-388060B76D27}.Debug|Any CPU.ActiveCfg = Debug|Any CPU
		{045AFCB9-33F4-40D8-A61C-388060B76D27}.Debug|Any CPU.Build.0 = Debug|Any CPU
		{045AFCB9-33F4-40D8-A61C-388060B76D27}.Release|Any CPU.ActiveCfg = Release|Any CPU
		{045AFCB9-33F4-40D8-A61C-388060B76D27}.Release|Any CPU.Build.0 = Release|Any CPU
	EndGlobalSection
	GlobalSection(SolutionProperties) = preSolution
		HideSolutionNode = FALSE
	EndGlobalSection
	GlobalSection(ExtensibilityGlobals) = postSolution
		SolutionGuid = {03A8D0B6-6914-4DFB-9529-5205D57AE579}
	EndGlobalSection
EndGlobal
